
Microsoft Visual Studio Solution File, Format Version 12.00
# Visual Studio 15
VisualStudioVersion = 15.0.27703.2035
MinimumVisualStudioVersion = 10.0.40219.1
Project("{FAE04EC0-301F-11D3-BF4B-00C04F79EFBC}") = "CorsTestApplication", "CorsTestApplication\CorsTestApplication.csproj", "{D032A746-DE36-4E4B-B00B-D026361A777D}"
EndProject
Project("{FAE04EC0-301F-11D3-BF4B-00C04F79EFBC}") = "CorsClientApp", "CorsClientApp\CorsClientApp.csproj", "{08605FF7-6141-4287-9627-7792E6A1447C}"
EndProject
Project("{FAE04EC0-301F-11D3-BF4B-00C04F79EFBC}") = "MvcCorsClientApp", "MvcCorsClientApp\MvcCorsClientApp.csproj", "{1A1ECAA7-F44A-4FBB-8398-0493CE34D28B}"
EndProject
Global
	GlobalSection(SolutionConfigurationPlatforms) = preSolution
		Debug|Any CPU = Debug|Any CPU
		Release|Any CPU = Release|Any CPU
	EndGlobalSection
	GlobalSection(ProjectConfigurationPlatforms) = postSolution
		{D032A746-DE36-4E4B-B00B-D026361A777D}.Debug|Any CPU.ActiveCfg = Debug|Any CPU
		{D032A746-DE36-4E4B-B00B-D026361A777D}.Debug|Any CPU.Build.0 = Debug|Any CPU
		{D032A746-DE36-4E4B-B00B-D026361A777D}.Release|Any CPU.ActiveCfg = Release|Any CPU
		{D032A746-DE36-4E4B-B00B-D026361A777D}.Release|Any CPU.Build.0 = Release|Any CPU
		{08605FF7-6141-4287-9627-7792E6A1447C}.Debug|Any CPU.ActiveCfg = Debug|Any CPU
		{08605FF7-6141-4287-9627-7792E6A1447C}.Debug|Any CPU.Build.0 = Debug|Any CPU
		{08605FF7-6141-4287-9627-7792E6A1447C}.Release|Any CPU.ActiveCfg = Release|Any CPU
		{08605FF7-6141-4287-9627-7792E6A1447C}.Release|Any CPU.Build.0 = Release|Any CPU
		{1A1ECAA7-F44A-4FBB-8398-0493CE34D28B}.Debug|Any CPU.ActiveCfg = Debug|Any CPU
		{1A1ECAA7-F44A-4FBB-8398-0493CE34D28B}.Debug|Any CPU.Build.0 = Debug|Any CPU
		{1A1ECAA7-F44A-4FBB-8398-0493CE34D28B}.Release|Any CPU.ActiveCfg = Release|Any CPU
		{1A1ECAA7-F44A-4FBB-8398-0493CE34D28B}.Release|Any CPU.Build.0 = Release|Any CPU
	EndGlobalSection
	GlobalSection(SolutionProperties) = preSolution
		HideSolutionNode = FALSE
	EndGlobalSection
	GlobalSection(ExtensibilityGlobals) = postSolution
		SolutionGuid = {346D50EC-4214-4002-AFE8-C30A56AAC923}
	EndGlobalSection
EndGlobal
